
Microsoft Visual Studio Solution File, Format Version 12.00
# Visual Studio Version 16
VisualStudioVersion = 16.0.29319.158
MinimumVisualStudioVersion = 10.0.40219.1
Project("{9A19103F-16F7-4668-BE54-9A1E7A4F7556}") = "BindingEventsParametes", "BindingEventsParametes\BindingEventsParametes.csproj", "{C183BB86-426A-4333-B1A1-123F39C1DD4C}"
EndProject
Global
	GlobalSection(SolutionConfigurationPlatforms) = preSolution
		Debug|Any CPU = Debug|Any CPU
		Release|Any CPU = Release|Any CPU
	EndGlobalSection
	GlobalSection(ProjectConfigurationPlatforms) = postSolution
		{C183BB86-426A-4333-B1A1-123F39C1DD4C}.Debug|Any CPU.ActiveCfg = Debug|Any CPU
		{C183BB86-426A-4333-B1A1-123F39C1DD4C}.Debug|Any CPU.Build.0 = Debug|Any CPU
		{C183BB86-426A-4333-B1A1-123F39C1DD4C}.Release|Any CPU.ActiveCfg = Release|Any CPU
		{C183BB86-426A-4333-B1A1-123F39C1DD4C}.Release|Any CPU.Build.0 = Release|Any CPU
	EndGlobalSection
	GlobalSection(SolutionProperties) = preSolution
		HideSolutionNode = FALSE
	EndGlobalSection
	GlobalSection(ExtensibilityGlobals) = postSolution
		SolutionGuid = {5E148C11-02EE-4D1A-B0B3-1FB734EA5BEB}
	EndGlobalSection
EndGlobal
